// !$*UTF8*$!
{
	archiveVersion = 1;
	classes = {
	};
	objectVersion = 56;
	objects = {

/* Begin PBXBuildFile section */
		EF4B18392AA0DDA60034CDC5 /* MypageViewController.swift in Sources */ = {isa = PBXBuildFile; fileRef = EF4B18372AA0DDA60034CDC5 /* MypageViewController.swift */; };
		EF4B183A2AA0DDA60034CDC5 /* MypageViewController.xib in Resources */ = {isa = PBXBuildFile; fileRef = EF4B18382AA0DDA60034CDC5 /* MypageViewController.xib */; };
		EFE0CCB32A997AB4002E39A4 /* AppDelegate.swift in Sources */ = {isa = PBXBuildFile; fileRef = EFE0CCB22A997AB4002E39A4 /* AppDelegate.swift */; };
		EFE0CCB52A997AB4002E39A4 /* SceneDelegate.swift in Sources */ = {isa = PBXBuildFile; fileRef = EFE0CCB42A997AB4002E39A4 /* SceneDelegate.swift */; };
		EFE0CCB72A997AB4002E39A4 /* ViewController.swift in Sources */ = {isa = PBXBuildFile; fileRef = EFE0CCB62A997AB4002E39A4 /* ViewController.swift */; };
		EFE0CCBA2A997AB4002E39A4 /* Main.storyboard in Resources */ = {isa = PBXBuildFile; fileRef = EFE0CCB82A997AB4002E39A4 /* Main.storyboard */; };
		EFE0CCBC2A997AB4002E39A4 /* Assets.xcassets in Resources */ = {isa = PBXBuildFile; fileRef = EFE0CCBB2A997AB4002E39A4 /* Assets.xcassets */; };
		EFE0CCBF2A997AB4002E39A4 /* LaunchScreen.storyboard in Resources */ = {isa = PBXBuildFile; fileRef = EFE0CCBD2A997AB4002E39A4 /* LaunchScreen.storyboard */; };
/* End PBXBuildFile section */

/* Begin PBXFileReference section */
		EF4B18372AA0DDA60034CDC5 /* MypageViewController.swift */ = {isa = PBXFileReference; lastKnownFileType = sourcecode.swift; path = MypageViewController.swift; sourceTree = "<group>"; };
		EF4B18382AA0DDA60034CDC5 /* MypageViewController.xib */ = {isa = PBXFileReference; lastKnownFileType = file.xib; path = MypageViewController.xib; sourceTree = "<group>"; };
		EFE0CCAF2A997AB4002E39A4 /* StaffManegement.app */ = {isa = PBXFileReference; explicitFileType = wrapper.application; includeInIndex = 0; path = StaffManegement.app; sourceTree = BUILT_PRODUCTS_DIR; };
		EFE0CCB22A997AB4002E39A4 /* AppDelegate.swift */ = {isa = PBXFileReference; lastKnownFileType = sourcecode.swift; path = AppDelegate.swift; sourceTree = "<group>"; };
		EFE0CCB42A997AB4002E39A4 /* SceneDelegate.swift */ = {isa = PBXFileReference; lastKnownFileType = sourcecode.swift; path = SceneDelegate.swift; sourceTree = "<group>"; };
		EFE0CCB62A997AB4002E39A4 /* ViewController.swift */ = {isa = PBXFileReference; lastKnownFileType = sourcecode.swift; path = ViewController.swift; sourceTree = "<group>"; };
		EFE0CCB92A997AB4002E39A4 /* Base */ = {isa = PBXFileReference; lastKnownFileType = file.storyboard; name = Base; path = Base.lproj/Main.storyboard; sourceTree = "<group>"; };
		EFE0CCBB2A997AB4002E39A4 /* Assets.xcassets */ = {isa = PBXFileReference; lastKnownFileType = folder.assetcatalog; path = Assets.xcassets; sourceTree = "<group>"; };
		EFE0CCBE2A997AB4002E39A4 /* Base */ = {isa = PBXFileReference; lastKnownFileType = file.storyboard; name = Base; path = Base.lproj/LaunchScreen.storyboard; sourceTree = "<group>"; };
		EFE0CCC02A997AB4002E39A4 /* Info.plist */ = {isa = PBXFileReference; lastKnownFileType = text.plist.xml; path = Info.plist; sourceTree = "<group>"; };
/* End PBXFileReference section */

/* Begin PBXFrameworksBuildPhase section */
		EFE0CCAC2A997AB4002E39A4 /* Frameworks */ = {
			isa = PBXFrameworksBuildPhase;
			buildActionMask = 2147483647;
			files = (
			);
			runOnlyForDeploymentPostprocessing = 0;
		};
/* End PBXFrameworksBuildPhase section */

/* Begin PBXGroup section */
		EFE0CCA62A997AB4002E39A4 = {
			isa = PBXGroup;
			children = (
				EFE0CCB12A997AB4002E39A4 /* StaffManegement */,
				EFE0CCB02A997AB4002E39A4 /* Products */,
			);
			sourceTree = "<group>";
		};
		EFE0CCB02A997AB4002E39A4 /* Products */ = {
			isa = PBXGroup;
			children = (
				EFE0CCAF2A997AB4002E39A4 /* StaffManegement.app */,
			);
			name = Products;
			sourceTree = "<group>";
		};
		EFE0CCB12A997AB4002E39A4 /* StaffManegement */ = {
			isa = PBXGroup;
			children = (
				EFE0CCB22A997AB4002E39A4 /* AppDelegate.swift */,
				EFE0CCB42A997AB4002E39A4 /* SceneDelegate.swift */,
				EFE0CCB62A997AB4002E39A4 /* ViewController.swift */,
				EFE0CCB82A997AB4002E39A4 /* Main.storyboard */,
				EFE0CCBB2A997AB4002E39A4 /* Assets.xcassets */,
				EFE0CCBD2A997AB4002E39A4 /* LaunchScreen.storyboard */,
				EFE0CCC02A997AB4002E39A4 /* Info.plist */,
				EF4B18372AA0DDA60034CDC5 /* MypageViewController.swift */,
				EF4B18382AA0DDA60034CDC5 /* MypageViewController.xib */,
			);
			path = StaffManegement;
			sourceTree = "<group>";
		};
/* End PBXGroup section */

/* Begin PBXNativeTarget section */
		EFE0CCAE2A997AB4002E39A4 /* StaffManegement */ = {
			isa = PBXNativeTarget;
			buildConfigurationList = EFE0CCC32A997AB4002E39A4 /* Build configuration list for PBXNativeTarget "StaffManegement" */;
			buildPhases = (
				EFE0CCAB2A997AB4002E39A4 /* Sources */,
				EFE0CCAC2A997AB4002E39A4 /* Frameworks */,
				EFE0CCAD2A997AB4002E39A4 /* Resources */,
			);
			buildRules = (
			);
			dependencies = (
			);
			name = StaffManegement;
			productName = StaffManegement;
			productReference = EFE0CCAF2A997AB4002E39A4 /* StaffManegement.app */;
			productType = "com.apple.product-type.application";
		};
/* End PBXNativeTarget section */

/* Begin PBXProject section */
		EFE0CCA72A997AB4002E39A4 /* Project object */ = {
			isa = PBXProject;
			attributes = {
				BuildIndependentTargetsInParallel = 1;
				LastSwiftUpdateCheck = 1430;
				LastUpgradeCheck = 1430;
				TargetAttributes = {
					EFE0CCAE2A997AB4002E39A4 = {
						CreatedOnToolsVersion = 14.3.1;
					};
				};
			};
			buildConfigurationList = EFE0CCAA2A997AB4002E39A4 /* Build configuration list for PBXProject "StaffManegement" */;
			compatibilityVersion = "Xcode 14.0";
			developmentRegion = en;
			hasScannedForEncodings = 0;
			knownRegions = (
				en,
				Base,
			);
			mainGroup = EFE0CCA62A997AB4002E39A4;
			productRefGroup = EFE0CCB02A997AB4002E39A4 /* Products */;
			projectDirPath = "";
			projectRoot = "";
			targets = (
				EFE0CCAE2A997AB4002E39A4 /* StaffManegement */,
			);
		};
/* End PBXProject section */

/* Begin PBXResourcesBuildPhase section */
		EFE0CCAD2A997AB4002E39A4 /* Resources */ = {
			isa = PBXResourcesBuildPhase;
			buildActionMask = 2147483647;
			files = (
				EFE0CCBF2A997AB4002E39A4 /* LaunchScreen.storyboard in Resources */,
				EFE0CCBC2A997AB4002E39A4 /* Assets.xcassets in Resources */,
				EFE0CCBA2A997AB4002E39A4 /* Main.storyboard in Resources */,
				EF4B183A2AA0DDA60034CDC5 /* MypageViewController.xib in Resources */,
			);
			runOnlyForDeploymentPostprocessing = 0;
		};
/* End PBXResourcesBuildPhase section */

/* Begin PBXSourcesBuildPhase section */
		EFE0CCAB2A997AB4002E39A4 /* Sources */ = {
			isa = PBXSourcesBuildPhase;
			buildActionMask = 2147483647;
			files = (
				EFE0CCB72A997AB4002E39A4 /* ViewController.swift in Sources */,
				EFE0CCB32A997AB4002E39A4 /* AppDelegate.swift in Sources */,
				EFE0CCB52A997AB4002E39A4 /* SceneDelegate.swift in Sources */,
				EF4B18392AA0DDA60034CDC5 /* MypageViewController.swift in Sources */,
			);
			runOnlyForDeploymentPostprocessing = 0;
		};
/* End PBXSourcesBuildPhase section */

/* Begin PBXVariantGroup section */
		EFE0CCB82A997AB4002E39A4 /* Main.storyboard */ = {
			isa = PBXVariantGroup;
			children = (
				EFE0CCB92A997AB4002E39A4 /* Base */,
			);
			name = Main.storyboard;
			sourceTree = "<group>";
		};
		EFE0CCBD2A997AB4002E39A4 /* LaunchScreen.storyboard */ = {
			isa = PBXVariantGroup;
			children = (
				EFE0CCBE2A997AB4002E39A4 /* Base */,
			);
			name = LaunchScreen.storyboard;
			sourceTree = "<group>";
		};
/* End PBXVariantGroup section */

/* Begin XCBuildConfiguration section */
		EFE0CCC12A997AB4002E39A4 /* Debug */ = {
			isa = XCBuildConfiguration;
			buildSettings = {
				ALWAYS_SEARCH_USER_PATHS = NO;
				CLANG_ANALYZER_NONNULL = YES;
				CLANG_ANALYZER_NUMBER_OBJECT_CONVERSION = YES_AGGRESSIVE;
				CLANG_CXX_LANGUAGE_STANDARD = "gnu++20";
				CLANG_ENABLE_MODULES = YES;
				CLANG_ENABLE_OBJC_ARC = YES;
				CLANG_ENABLE_OBJC_WEAK = YES;
				CLANG_WARN_BLOCK_CAPTURE_AUTORELEASING = YES;
				CLANG_WARN_BOOL_CONVERSION = YES;
				CLANG_WARN_COMMA = YES;
				CLANG_WARN_CONSTANT_CONVERSION = YES;
				CLANG_WARN_DEPRECATED_OBJC_IMPLEMENTATIONS = YES;
				CLANG_WARN_DIRECT_OBJC_ISA_USAGE = YES_ERROR;
				CLANG_WARN_DOCUMENTATION_COMMENTS = YES;
				CLANG_WARN_EMPTY_BODY = YES;
				CLANG_WARN_ENUM_CONVERSION = YES;
				CLANG_WARN_INFINITE_RECURSION = YES;
				CLANG_WARN_INT_CONVERSION = YES;
				CLANG_WARN_NON_LITERAL_NULL_CONVERSION = YES;
				CLANG_WARN_OBJC_IMPLICIT_RETAIN_SELF = YES;
				CLANG_WARN_OBJC_LITERAL_CONVERSION = YES;
				CLANG_WARN_OBJC_ROOT_CLASS = YES_ERROR;
				CLANG_WARN_QUOTED_INCLUDE_IN_FRAMEWORK_HEADER = YES;
				CLANG_WARN_RANGE_LOOP_ANALYSIS = YES;
				CLANG_WARN_STRICT_PROTOTYPES = YES;
				CLANG_WARN_SUSPICIOUS_MOVE = YES;
				CLANG_WARN_UNGUARDED_AVAILABILITY = YES_AGGRESSIVE;
				CLANG_WARN_UNREACHABLE_CODE = YES;
				CLANG_WARN__DUPLICATE_METHOD_MATCH = YES;
				COPY_PHASE_STRIP = NO;
				DEBUG_INFORMATION_FORMAT = dwarf;
				ENABLE_STRICT_OBJC_MSGSEND = YES;
				ENABLE_TESTABILITY = YES;
				GCC_C_LANGUAGE_STANDARD = gnu11;
				GCC_DYNAMIC_NO_PIC = NO;
				GCC_NO_COMMON_BLOCKS = YES;
				GCC_OPTIMIZATION_LEVEL = 0;
				GCC_PREPROCESSOR_DEFINITIONS = (
					"DEBUG=1",
					"$(inherited)",
				);
				GCC_WARN_64_TO_32_BIT_CONVERSION = YES;
				GCC_WARN_ABOUT_RETURN_TYPE = YES_ERROR;
				GCC_WARN_UNDECLARED_SELECTOR = YES;
				GCC_WARN_UNINITIALIZED_AUTOS = YES_AGGRESSIVE;
				GCC_WARN_UNUSED_FUNCTION = YES;
				GCC_WARN_UNUSED_VARIABLE = YES;
				IPHONEOS_DEPLOYMENT_TARGET = 16.4;
				MTL_ENABLE_DEBUG_INFO = INCLUDE_SOURCE;
				MTL_FAST_MATH = YES;
				ONLY_ACTIVE_ARCH = YES;
				SDKROOT = iphoneos;
				SWIFT_ACTIVE_COMPILATION_CONDITIONS = DEBUG;
				SWIFT_OPTIMIZATION_LEVEL = "-Onone";
			};
			name = Debug;
		};
		EFE0CCC22A997AB4002E39A4 /* Release */ = {
			isa = XCBuildConfiguration;
			buildSettings = {
				ALWAYS_SEARCH_USER_PATHS = NO;
				CLANG_ANALYZER_NONNULL = YES;
				CLANG_ANALYZER_NUMBER_OBJECT_CONVERSION = YES_AGGRESSIVE;
				CLANG_CXX_LANGUAGE_STANDARD = "gnu++20";
				CLANG_ENABLE_MODULES = YES;
				CLANG_ENABLE_OBJC_ARC = YES;
				CLANG_ENABLE_OBJC_WEAK = YES;
				CLANG_WARN_BLOCK_CAPTURE_AUTORELEASING = YES;
				CLANG_WARN_BOOL_CONVERSION = YES;
				CLANG_WARN_COMMA = YES;
				CLANG_WARN_CONSTANT_CONVERSION = YES;
				CLANG_WARN_DEPRECATED_OBJC_IMPLEMENTATIONS = YES;
				CLANG_WARN_DIRECT_OBJC_ISA_USAGE = YES_ERROR;
				CLANG_WARN_DOCUMENTATION_COMMENTS = YES;
				CLANG_WARN_EMPTY_BODY = YES;
				CLANG_WARN_ENUM_CONVERSION = YES;
				CLANG_WARN_INFINITE_RECURSION = YES;
				CLANG_WARN_INT_CONVERSION = YES;
				CLANG_WARN_NON_LITERAL_NULL_CONVERSION = YES;
				CLANG_WARN_OBJC_IMPLICIT_RETAIN_SELF = YES;
				CLANG_WARN_OBJC_LITERAL_CONVERSION = YES;
				CLANG_WARN_OBJC_ROOT_CLASS = YES_ERROR;
				CLANG_WARN_QUOTED_INCLUDE_IN_FRAMEWORK_HEADER = YES;
				CLANG_WARN_RANGE_LOOP_ANALYSIS = YES;
				CLANG_WARN_STRICT_PROTOTYPES = YES;
				CLANG_WARN_SUSPICIOUS_MOVE = YES;
				CLANG_WARN_UNGUARDED_AVAILABILITY = YES_AGGRESSIVE;
				CLANG_WARN_UNREACHABLE_CODE = YES;
				CLANG_WARN__DUPLICATE_METHOD_MATCH = YES;
				COPY_PHASE_STRIP = NO;
				DEBUG_INFORMATION_FORMAT = "dwarf-with-dsym";
				ENABLE_NS_ASSERTIONS = NO;
				ENABLE_STRICT_OBJC_MSGSEND = YES;
				GCC_C_LANGUAGE_STANDARD = gnu11;
				GCC_NO_COMMON_BLOCKS = YES;
				GCC_WARN_64_TO_32_BIT_CONVERSION = YES;
				GCC_WARN_ABOUT_RETURN_TYPE = YES_ERROR;
				GCC_WARN_UNDECLARED_SELECTOR = YES;
				GCC_WARN_UNINITIALIZED_AUTOS = YES_AGGRESSIVE;
				GCC_WARN_UNUSED_FUNCTION = YES;
				GCC_WARN_UNUSED_VARIABLE = YES;
				IPHONEOS_DEPLOYMENT_TARGET = 16.4;
				MTL_ENABLE_DEBUG_INFO = NO;
				MTL_FAST_MATH = YES;
				SDKROOT = iphoneos;
				SWIFT_COMPILATION_MODE = wholemodule;
				SWIFT_OPTIMIZATION_LEVEL = "-O";
				VALIDATE_PRODUCT = YES;
			};
			name = Release;
		};
		EFE0CCC42A997AB4002E39A4 /* Debug */ = {
			isa = XCBuildConfiguration;
			buildSettings = {
				ASSETCATALOG_COMPILER_APPICON_NAME = AppIcon;
				ASSETCATALOG_COMPILER_GLOBAL_ACCENT_COLOR_NAME = AccentColor;
				CODE_SIGN_STYLE = Automatic;
				CURRENT_PROJECT_VERSION = 1;
				DEVELOPMENT_TEAM = GXTHJZ3K8C;
				GENERATE_INFOPLIST_FILE = YES;
				INFOPLIST_FILE = StaffManegement/Info.plist;
				INFOPLIST_KEY_UIApplicationSupportsIndirectInputEvents = YES;
				INFOPLIST_KEY_UILaunchStoryboardName = LaunchScreen;
				INFOPLIST_KEY_UIMainStoryboardFile = Main;
				INFOPLIST_KEY_UISupportedInterfaceOrientations_iPad = "UIInterfaceOrientationPortrait UIInterfaceOrientationPortraitUpsideDown UIInterfaceOrientationLandscapeLeft UIInterfaceOrientationLandscapeRight";
				INFOPLIST_KEY_UISupportedInterfaceOrientations_iPhone = "UIInterfaceOrientationPortrait UIInterfaceOrientationLandscapeLeft UIInterfaceOrientationLandscapeRight";
				LD_RUNPATH_SEARCH_PATHS = (
					"$(inherited)",
					"@executable_path/Frameworks",
				);
				MARKETING_VERSION = 1.0;
				PRODUCT_BUNDLE_IDENTIFIER = YuyaNakanishi.StaffManegement;
				PRODUCT_NAME = "$(TARGET_NAME)";
				SWIFT_EMIT_LOC_STRINGS = YES;
				SWIFT_VERSION = 5.0;
				TARGETED_DEVICE_FAMILY = "1,2";
			};
			name = Debug;
		};
		EFE0CCC52A997AB4002E39A4 /* Release */ = {
			isa = XCBuildConfiguration;
			buildSettings = {
				ASSETCATALOG_COMPILER_APPICON_NAME = AppIcon;
				ASSETCATALOG_COMPILER_GLOBAL_ACCENT_COLOR_NAME = AccentColor;
				CODE_SIGN_STYLE = Automatic;
				CURRENT_PROJECT_VERSION = 1;
				DEVELOPMENT_TEAM = GXTHJZ3K8C;
				GENERATE_INFOPLIST_FILE = YES;
				INFOPLIST_FILE = StaffManegement/Info.plist;
				INFOPLIST_KEY_UIApplicationSupportsIndirectInputEvents = YES;
				INFOPLIST_KEY_UILaunchStoryboardName = LaunchScreen;
				INFOPLIST_KEY_UIMainStoryboardFile = Main;
				INFOPLIST_KEY_UISupportedInterfaceOrientations_iPad = "UIInterfaceOrientationPortrait UIInterfaceOrientationPortraitUpsideDown UIInterfaceOrientationLandscapeLeft UIInterfaceOrientationLandscapeRight";
				INFOPLIST_KEY_UISupportedInterfaceOrientations_iPhone = "UIInterfaceOrientationPortrait UIInterfaceOrientationLandscapeLeft UIInterfaceOrientationLandscapeRight";
				LD_RUNPATH_SEARCH_PATHS = (
					"$(inherited)",
					"@executable_path/Frameworks",
				);
				MARKETING_VERSION = 1.0;
				PRODUCT_BUNDLE_IDENTIFIER = YuyaNakanishi.StaffManegement;
				PRODUCT_NAME = "$(TARGET_NAME)";
				SWIFT_EMIT_LOC_STRINGS = YES;
				SWIFT_VERSION = 5.0;
				TARGETED_DEVICE_FAMILY = "1,2";
			};
			name = Release;
		};
/* End XCBuildConfiguration section */

/* Begin XCConfigurationList section */
		EFE0CCAA2A997AB4002E39A4 /* Build configuration list for PBXProject "StaffManegement" */ = {
			isa = XCConfigurationList;
			buildConfigurations = (
				EFE0CCC12A997AB4002E39A4 /* Debug */,
				EFE0CCC22A997AB4002E39A4 /* Release */,
			);
			defaultConfigurationIsVisible = 0;
			defaultConfigurationName = Release;
		};
		EFE0CCC32A997AB4002E39A4 /* Build configuration list for PBXNativeTarget "StaffManegement" */ = {
			isa = XCConfigurationList;
			buildConfigurations = (
				EFE0CCC42A997AB4002E39A4 /* Debug */,
				EFE0CCC52A997AB4002E39A4 /* Release */,
			);
			defaultConfigurationIsVisible = 0;
			defaultConfigurationName = Release;
		};
/* End XCConfigurationList section */
	};
	rootObject = EFE0CCA72A997AB4002E39A4 /* Project object */;
}
